
Microsoft Visual Studio Solution File, Format Version 12.00
# Visual Studio Version 17
VisualStudioVersion = 17.0.31903.59
MinimumVisualStudioVersion = 10.0.40219.1
Project("{9A19103F-16F7-4668-BE54-9A1E7A4F7556}") = "OnlineStore.App", "OnlineStore.App\OnlineStore.App.csproj", "{B3C60645-BD97-400B-B7C0-CF789BC06EF6}"
EndProject
Project("{2150E333-8FDC-42A3-9474-1A3956D46DE8}") = "Libraries", "Libraries", "{41183B98-01A4-4724-A039-B75E89FE1639}"
EndProject
Project("{FAE04EC0-301F-11D3-BF4B-00C04F79EFBC}") = "Ki.HealthChecks", "..\Libraries\Ki.HealthChecks\Ki.HealthChecks.csproj", "{3F816945-B286-4DAC-BE71-8360EF20360C}"
EndProject
Global
	GlobalSection(SolutionConfigurationPlatforms) = preSolution
		Debug|Any CPU = Debug|Any CPU
		Release|Any CPU = Release|Any CPU
	EndGlobalSection
	GlobalSection(ProjectConfigurationPlatforms) = postSolution
		{B3C60645-BD97-400B-B7C0-CF789BC06EF6}.Debug|Any CPU.ActiveCfg = Debug|Any CPU
		{B3C60645-BD97-400B-B7C0-CF789BC06EF6}.Debug|Any CPU.Build.0 = Debug|Any CPU
		{B3C60645-BD97-400B-B7C0-CF789BC06EF6}.Release|Any CPU.ActiveCfg = Release|Any CPU
		{B3C60645-BD97-400B-B7C0-CF789BC06EF6}.Release|Any CPU.Build.0 = Release|Any CPU
		{3F816945-B286-4DAC-BE71-8360EF20360C}.Debug|Any CPU.ActiveCfg = Debug|Any CPU
		{3F816945-B286-4DAC-BE71-8360EF20360C}.Debug|Any CPU.Build.0 = Debug|Any CPU
		{3F816945-B286-4DAC-BE71-8360EF20360C}.Release|Any CPU.ActiveCfg = Release|Any CPU
		{3F816945-B286-4DAC-BE71-8360EF20360C}.Release|Any CPU.Build.0 = Release|Any CPU
	EndGlobalSection
	GlobalSection(SolutionProperties) = preSolution
		HideSolutionNode = FALSE
	EndGlobalSection
	GlobalSection(NestedProjects) = preSolution
		{3F816945-B286-4DAC-BE71-8360EF20360C} = {41183B98-01A4-4724-A039-B75E89FE1639}
	EndGlobalSection
	GlobalSection(ExtensibilityGlobals) = postSolution
		SolutionGuid = {4941098F-2E31-4DEC-8E45-A7453BE62687}
	EndGlobalSection
EndGlobal
